{
  "name": "Pro",
  "lockfileVersion": 3,
  "requires": true,
  "packages": {
    "": {
      "devDependencies": {
        "@types/webrtc": "^0.0.45"
      }
    },
    "node_modules/@types/webrtc": {
      "version": "0.0.45",
      "resolved": "https://registry.npmjs.org/@types/webrtc/-/webrtc-0.0.45.tgz",
      "integrity": "sha512-yGzVn7Kj28bB1en5mG5zbAY1DfHvL9lZADswT3HWBd2r4T4tl/W3evznQY0xtPYY+tvEF07J56QFxeMfqDWrtw==",
      "dev": true
    }
  }
}
